
Microsoft Visual Studio Solution File, Format Version 12.00
# Visual Studio 15
Project("{FAE04EC0-301F-11D3-BF4B-00C04F79EFBC}") = "SFIDWebAPI", "SFIDWebAPI.csproj", "{1290A42E-FF3C-4F97-B590-3F557D2E4000}"
EndProject
Global
	GlobalSection(SolutionConfigurationPlatforms) = preSolution
		Debug|Any CPU = Debug|Any CPU
		Release|Any CPU = Release|Any CPU
	EndGlobalSection
	GlobalSection(ProjectConfigurationPlatforms) = postSolution
		{1290A42E-FF3C-4F97-B590-3F557D2E4000}.Debug|Any CPU.ActiveCfg = Debug|Any CPU
		{1290A42E-FF3C-4F97-B590-3F557D2E4000}.Debug|Any CPU.Build.0 = Debug|Any CPU
		{1290A42E-FF3C-4F97-B590-3F557D2E4000}.Release|Any CPU.ActiveCfg = Release|Any CPU
		{1290A42E-FF3C-4F97-B590-3F557D2E4000}.Release|Any CPU.Build.0 = Release|Any CPU
	EndGlobalSection
EndGlobal
